<Solution>
  <Configurations>
    <Platform Name="Any CPU" />
    <Platform Name="x64" />
    <Platform Name="x86" />
  </Configurations>
  <Folder Name="/src/">
    <Project Path="src/Corsinvest.ProxmoxVE.NodeProtect.Api/Corsinvest.ProxmoxVE.NodeProtect.Api.csproj" />
    <Project Path="src/Corsinvest.ProxmoxVE.NodeProtect/Corsinvest.ProxmoxVE.NodeProtect.csproj" />
  </Folder>
</Solution>
